<Solution>
  <Project Path="Api/Api.csproj" />
  <Project Path="Application/Application.csproj" />
  <Project Path="Database/Database.sqlproj" Id="e793e254-e42e-450e-ad6d-ba9edc87fcb8">
    <Build />
    <Deploy />
  </Project>
  <Project Path="Domain/Domain.csproj" />
  <Project Path="Infrastructure/Infrastructure.csproj" />
  <Project Path="Tests/Tests.csproj" />
  <Project Path="Web/Web.csproj" />
</Solution>
